
Microsoft Visual Studio Solution File, Format Version 12.00
# Visual Studio Version 16
VisualStudioVersion = 16.0.31624.102
MinimumVisualStudioVersion = 10.0.40219.1
Project("{FAE04EC0-301F-11D3-BF4B-00C04F79EFBC}") = "ShapeInShape", "ShapeInShape\ShapeInShape.csproj", "{C4E93B02-55DE-47CB-8A1D-3B5238857076}"
EndProject
Global
	GlobalSection(SolutionConfigurationPlatforms) = preSolution
		Debug|Any CPU = Debug|Any CPU
		Release|Any CPU = Release|Any CPU
	EndGlobalSection
	GlobalSection(ProjectConfigurationPlatforms) = postSolution
		{C4E93B02-55DE-47CB-8A1D-3B5238857076}.Debug|Any CPU.ActiveCfg = Debug|Any CPU
		{C4E93B02-55DE-47CB-8A1D-3B5238857076}.Debug|Any CPU.Build.0 = Debug|Any CPU
		{C4E93B02-55DE-47CB-8A1D-3B5238857076}.Release|Any CPU.ActiveCfg = Release|Any CPU
		{C4E93B02-55DE-47CB-8A1D-3B5238857076}.Release|Any CPU.Build.0 = Release|Any CPU
	EndGlobalSection
	GlobalSection(SolutionProperties) = preSolution
		HideSolutionNode = FALSE
	EndGlobalSection
	GlobalSection(ExtensibilityGlobals) = postSolution
		SolutionGuid = {60A0ABC4-C88D-4B3A-B0CE-32460E76735B}
	EndGlobalSection
EndGlobal
